<?xml version="1.0" encoding="UTF-8" standalone="yes" ?>
<CodeBlocks_project_file>
	<FileVersion major="1" minor="6" />
	<Project>
		<Option title="osrmd" />
		<Option makefile_is_custom="1" />
		<Option pch_mode="2" />
		<Option compiler="gcc" />
		<Build>
			<Target title="release">
				<Option output="bin/release/osrmd" prefix_auto="1" extension_auto="1" />
				<Option working_dir="bin/release/" />
				<Option type="1" />
				<Option compiler="gcc" />
				<Compiler>
					<Add option="-std=c++11" />
					<Add directory="include" />
				</Compiler>
				<Linker>
					<Add library="pthread" />
					<Add library="osrm" />
					<Add library="boost_system" />
					<Add library="boost_filesystem" />
					<Add library="boost_thread" />
					<Add library="librt" />
				</Linker>
			</Target>
			<Target title="debug">
				<Option output="bin/debug/osrmd" prefix_auto="1" extension_auto="1" />
				<Option working_dir="bin/debug/" />
				<Option type="1" />
				<Option compiler="gcc" />
				<Compiler>
					<Add option="-std=c++11" />
					<Add option="-g" />
					<Add directory="include" />
				</Compiler>
				<Linker>
					<Add library="pthread" />
					<Add library="osrm" />
					<Add library="boost_system" />
					<Add library="boost_filesystem" />
					<Add library="boost_thread" />
					<Add library="librt" />
				</Linker>
			</Target>
		</Build>
		<Compiler>
			<Add option="-Wall" />
		</Compiler>
		<Unit filename="include/WorkerQueue.h" />
		<Unit filename="include/ini-reader/INIReader.h" />
		<Unit filename="include/ini-reader/ini.h" />
		<Unit filename="include/logger/log.h" />
		<Unit filename="include/logger/macro_define.h" />
		<Unit filename="include/request_parser.h" />
		<Unit filename="include/socket/Server.h" />
		<Unit filename="include/socket/UnixServer.h" />
		<Unit filename="src/WorkerQueue.cpp" />
		<Unit filename="src/ini-reader/INIReader.cpp" />
		<Unit filename="src/ini-reader/ini.c">
			<Option compilerVar="CC" />
		</Unit>
		<Unit filename="src/logger/log.cpp" />
		<Unit filename="src/osrmd.cpp" />
		<Unit filename="src/socket/Server.cpp" />
		<Unit filename="src/socket/UnixServer.cpp" />
		<Extensions>
			<code_completion />
			<debugger>
				<search_path add="bin/debug" />
			</debugger>
			<envvars />
		</Extensions>
	</Project>
</CodeBlocks_project_file>
