<?xml version="1.0" encoding="UTF-8" standalone="yes" ?>
<CodeBlocks_project_file>
	<FileVersion major="1" minor="6" />
	<Project>
		<Option title="osrmd" />
		<Option pch_mode="2" />
		<Option compiler="gcc" />
		<Build>
			<Target title="Release">
				<Option output="bin/release/osrmd" prefix_auto="1" extension_auto="1" />				
				<Option type="0" />
				<Option compiler="gcc" />
				<Compiler>
					<Add directory="include" />
				</Compiler>
				<Linker>
					<Add library="pthread" />
				</Linker>
			</Target>
			<Target title="Debug">
				<Option output="bin/debug/osrmd" prefix_auto="1" extension_auto="1" />
				<Option type="0" />
				<Option compiler="gcc" />
				<Compiler>
					<Add directory="include" />
				</Compiler>
				<Linker>
					<Add library="pthread" />
				</Linker>
			</Target>
		</Build>
		<Compiler>
			<Add option="-Wall" />
		</Compiler>
		<Unit filename="include/BaseThread.h" />
		<Unit filename="include/ClientThread.h" />
		<Unit filename="include/ini-reader/INIReader.h" />
		<Unit filename="include/ini-reader/ini.h" />
		<Unit filename="include/socket/Server.h" />
		<Unit filename="include/socket/UnixServer.h" />
		<Unit filename="src/ClientThread.cpp" />
		<Unit filename="src/ini-reader/INIReader.cpp" />
		<Unit filename="src/ini-reader/ini.c">
			<Option compilerVar="CC" />
		</Unit>
		<Unit filename="src/osrmd.cpp" />
		<Unit filename="src/socket/Server.cpp" />
		<Unit filename="src/socket/UnixServer.cpp" />
		<Extensions>
			<code_completion />
			<debugger />
		</Extensions>
	</Project>
</CodeBlocks_project_file>
